
Microsoft Visual Studio Solution File, Format Version 11.00
# Visual Studio 2010
Project("{FAE04EC0-301F-11D3-BF4B-00C04F79EFBC}") = "4DVR", "Assembly-CSharp.csproj", "{77E66497-683C-6655-9520-A87E7F3F8088}"
EndProject
Project("{FAE04EC0-301F-11D3-BF4B-00C04F79EFBC}") = "4DVR", "Assembly-CSharp-Editor.csproj", "{EE1AE735-7054-585B-8252-DD91C7EBB22A}"
EndProject
Global
	GlobalSection(SolutionConfigurationPlatforms) = preSolution
		Debug|Any CPU = Debug|Any CPU
		Release|Any CPU = Release|Any CPU
	EndGlobalSection
	GlobalSection(ProjectConfigurationPlatforms) = postSolution
		{77E66497-683C-6655-9520-A87E7F3F8088}.Debug|Any CPU.ActiveCfg = Debug|Any CPU
		{77E66497-683C-6655-9520-A87E7F3F8088}.Debug|Any CPU.Build.0 = Debug|Any CPU
		{77E66497-683C-6655-9520-A87E7F3F8088}.Release|Any CPU.ActiveCfg = Release|Any CPU
		{77E66497-683C-6655-9520-A87E7F3F8088}.Release|Any CPU.Build.0 = Release|Any CPU
		{EE1AE735-7054-585B-8252-DD91C7EBB22A}.Debug|Any CPU.ActiveCfg = Debug|Any CPU
		{EE1AE735-7054-585B-8252-DD91C7EBB22A}.Debug|Any CPU.Build.0 = Debug|Any CPU
		{EE1AE735-7054-585B-8252-DD91C7EBB22A}.Release|Any CPU.ActiveCfg = Release|Any CPU
		{EE1AE735-7054-585B-8252-DD91C7EBB22A}.Release|Any CPU.Build.0 = Release|Any CPU
	EndGlobalSection
	GlobalSection(SolutionProperties) = preSolution
		HideSolutionNode = FALSE
	EndGlobalSection
	GlobalSection(MonoDevelopProperties) = preSolution
		StartupItem = Assembly-CSharp.csproj
	EndGlobalSection
EndGlobal
